Microsoft Visual Studio Solution File, Format Version 12.00
# Visual Studio Version 17
VisualStudioVersion = 17.5.2.0
MinimumVisualStudioVersion = 10.0.40219.1
Project("{FAE04EC0-301F-11D3-BF4B-00C04F79EFBC}") = "HousingAPI", "HousingAPI\HousingAPI.csproj", "{BDAEC0CA-8A2D-7A2F-2635-52C285787FF3}"
EndProject
Global
	GlobalSection(SolutionConfigurationPlatforms) = preSolution
		Debug|Any CPU = Debug|Any CPU
		Release|Any CPU = Release|Any CPU
	EndGlobalSection
	GlobalSection(ProjectConfigurationPlatforms) = postSolution
		{BDAEC0CA-8A2D-7A2F-2635-52C285787FF3}.Debug|Any CPU.ActiveCfg = Debug|Any CPU
		{BDAEC0CA-8A2D-7A2F-2635-52C285787FF3}.Debug|Any CPU.Build.0 = Debug|Any CPU
		{BDAEC0CA-8A2D-7A2F-2635-52C285787FF3}.Release|Any CPU.ActiveCfg = Release|Any CPU
		{BDAEC0CA-8A2D-7A2F-2635-52C285787FF3}.Release|Any CPU.Build.0 = Release|Any CPU
	EndGlobalSection
	GlobalSection(SolutionProperties) = preSolution
		HideSolutionNode = FALSE
	EndGlobalSection
	GlobalSection(ExtensibilityGlobals) = postSolution
		SolutionGuid = {64BABB22-40A0-4295-B9DD-5DFF763606E9}
	EndGlobalSection
EndGlobal
